{
    "_readme": [
        "This file locks the dependencies of your project to a known state",
        "Read more about it at https://getcomposer.org/doc/01-basic-usage.md#composer-lock-the-lock-file",
        "This file is @generated automatically"
    ],
    "hash": "80af39eb4024cabbc974d3450d860885",
    "packages": [
        {
            "name": "mollie/mollie-api-php",
            "version": "1.2.6",
            "source": {
                "type": "git",
                "url": "https://github.com/mollie/mollie-api-php.git",
                "reference": "7ff27399057ebf5d17bf51dd97177434b0e7da75"
            },
            "dist": {
                "type": "zip",
                "url": "https://api.github.com/repos/mollie/mollie-api-php/zipball/7ff27399057ebf5d17bf51dd97177434b0e7da75",
                "reference": "7ff27399057ebf5d17bf51dd97177434b0e7da75",
                "shasum": ""
            },
            "require-dev": {
                "phpunit/phpunit": "3.7.*"
            },
            "type": "library",
            "autoload": {
                "psr-0": {
                    "": "src/"
                }
            },
            "notification-url": "https://packagist.org/downloads/",
            "license": [
                "BSD-2-Clause"
            ],
            "authors": [
                {
                    "name": "Mollie B.V.",
                    "email": "info@mollie.com"
                }
            ],
            "description": "Mollie API client library for PHP",
            "homepage": "https://github.com/mollie/mollie-api-php",
            "keywords": [
                "api",
                "bancontact",
                "banktransfer",
                "belfius",
                "belfius direct net",
                "bitcoin",
                "creditcard",
                "gateway",
                "ideal",
                "mistercash",
                "mollie",
                "payment",
                "payments",
                "paypal",
                "paysafecard",
                "refunds",
                "sepa",
                "service",
                "sofort",
                "sofortbanking"
            ],
            "time": "2015-06-15 14:06:50"
        }
    ],
    "packages-dev": [],
    "aliases": [],
    "minimum-stability": "stable",
    "stability-flags": [],
    "prefer-stable": false,
    "prefer-lowest": false,
    "platform": [],
    "platform-dev": []
}
